github.com/adamdrake/hugo-theme-techdoc v0.0.0-20250614133835-84e0e6cc248a h1:kqQ+thyGmSc7cmR/tBcobjj37uOnIS4J1cwqHOL4NTk=
github.com/adamdrake/hugo-theme-techdoc v0.0.0-20250614133835-84e0e6cc248a/go.mod h1:LTThnoCpG8nsum5q10OLrG1LdJNI3BXzV4Qr557cmAY=
github.com/thingsym/hugo-theme-techdoc v1.0.2 h1:nXCw1iEC3Pdvp28sUopetewB/UF0FlX19bdHDGF2rtU=
github.com/thingsym/hugo-theme-techdoc v1.0.2/go.mod h1:LTThnoCpG8nsum5q10OLrG1LdJNI3BXzV4Qr557cmAY=
